{
  "nodes": {
    "devenv": {
      "locked": {
        "dir": "src/modules",
        "lastModified": 1786123539,
        "narHash": "sha256-vKK7JK4WJ92UQUekQ96OilOdY0Rr7A5X+UcAb7ZvDoA=",
        "owner": "cachix",
        "repo": "devenv",
        "rev": "34a93eec7e71e64e9da1819a684d12f92331d638",
        "type": "github"
      },
      "original": {
        "dir": "src/modules",
        "owner": "cachix",
        "repo": "devenv",
        "type": "github"
      }
    },
    "nixpkgs": {
      "inputs": {
        "nixpkgs-src": "nixpkgs-src"
      },
      "locked": {
        "lastModified": 1785855293,
        "narHash": "sha256-oFTyNNuuFPL6KXd1D0w4K+IHmKIiXtCMdlnoc9vXkTk=",
        "owner": "cachix",
        "repo": "devenv-nixpkgs",
        "rev": "6d5d03d1dfd5f530a098832d0f5433479b576278",
        "type": "github"
      },
      "original": {
        "owner": "cachix",
        "ref": "rolling",
        "repo": "devenv-nixpkgs",
        "type": "github"
      }
    },
    "nixpkgs-src": {
      "flake": false,
      "locked": {
        "lastModified": 1785715447,
        "narHash": "sha256-4K0IGmbAOJnd/Hx2+CNEvx3ECrtYnsoaf4grI6gvZ/Q=",
        "owner": "NixOS",
        "repo": "nixpkgs",
        "rev": "243895692ae2a2fbd08a05141462c0cc0d3ca10f",
        "type": "github"
      },
      "original": {
        "owner": "NixOS",
        "ref": "nixpkgs-unstable",
        "repo": "nixpkgs",
        "type": "github"
      }
    },
    "nixpkgs-unstable": {
      "locked": {
        "lastModified": 1785967620,
        "narHash": "sha256-IItrdb7Puk05RqOBWZYFC5X6Wl1sJmCfh5MWVHw5iMM=",
        "owner": "NixOS",
        "repo": "nixpkgs",
        "rev": "b7c2ada94fe99c15b0dbcf4d11fd7850b957a436",
        "type": "github"
      },
      "original": {
        "owner": "NixOS",
        "ref": "nixos-unstable",
        "repo": "nixpkgs",
        "type": "github"
      }
    },
    "root": {
      "inputs": {
        "devenv": "devenv",
        "nixpkgs": "nixpkgs",
        "nixpkgs-unstable": "nixpkgs-unstable",
        "storm-ops": "storm-ops"
      }
    },
    "storm-ops": {
      "flake": false,
      "locked": {
        "lastModified": 1786179498,
        "narHash": "sha256-/5jX6EM0NNCD+B1BjjHp7eZhmLZ+0J7Oxd9kH+373iw=",
        "owner": "storm-software",
        "repo": "storm-ops",
        "rev": "eff7293196b0e8829eccb25c5ac924c979588ef2",
        "type": "github"
      },
      "original": {
        "owner": "storm-software",
        "repo": "storm-ops",
        "type": "github"
      }
    }
  },
  "root": "root",
  "version": 7
}