{
  "nodes": {
    "devenv": {
      "locked": {
        "dir": "src/modules",
        "lastModified": 1777109791,
        "narHash": "sha256-7XXCN0Tdpv2t6yxkqUr8M5AnLExqb8jw1Qv9Fe8TiKo=",
        "owner": "cachix",
        "repo": "devenv",
        "rev": "025b6ba9903b96a55ac21a9a63fa290a6da5afe6",
        "type": "github"
      },
      "original": {
        "dir": "src/modules",
        "owner": "cachix",
        "repo": "devenv",
        "type": "github"
      }
    },
    "nixpkgs": {
      "inputs": {
        "nixpkgs-src": "nixpkgs-src"
      },
      "locked": {
        "lastModified": 1776852779,
        "narHash": "sha256-WwO/ITisCXwyiRgtktZgv3iGhAGO+IB5Av4kKCwezR0=",
        "owner": "cachix",
        "repo": "devenv-nixpkgs",
        "rev": "ec3063523dcd911aeadb50faa589f237cdab5853",
        "type": "github"
      },
      "original": {
        "owner": "cachix",
        "ref": "rolling",
        "repo": "devenv-nixpkgs",
        "type": "github"
      }
    },
    "nixpkgs-src": {
      "flake": false,
      "locked": {
        "lastModified": 1776329215,
        "narHash": "sha256-a8BYi3mzoJ/AcJP8UldOx8emoPRLeWqALZWu4ZvjPXw=",
        "owner": "NixOS",
        "repo": "nixpkgs",
        "rev": "b86751bc4085f48661017fa226dee99fab6c651b",
        "type": "github"
      },
      "original": {
        "owner": "NixOS",
        "ref": "nixpkgs-unstable",
        "repo": "nixpkgs",
        "type": "github"
      }
    },
    "nixpkgs-unstable": {
      "locked": {
        "lastModified": 1776949667,
        "narHash": "sha256-GMSVw35Q+294GlrTUKlx087E31z7KurReQ1YHSKp5iw=",
        "owner": "nixos",
        "repo": "nixpkgs",
        "rev": "01fbdeef22b76df85ea168fbfe1bfd9e63681b30",
        "type": "github"
      },
      "original": {
        "owner": "nixos",
        "ref": "nixpkgs-unstable",
        "repo": "nixpkgs",
        "type": "github"
      }
    },
    "root": {
      "inputs": {
        "devenv": "devenv",
        "nixpkgs": "nixpkgs",
        "nixpkgs-unstable": "nixpkgs-unstable",
        "storm-ops": "storm-ops",
        "treefmt-nix": "treefmt-nix"
      }
    },
    "storm-ops": {
      "flake": false,
      "locked": {
        "lastModified": 1776234178,
        "narHash": "sha256-D3+9EB0jUTPO1bm6rGTqpGjOCxZayFeyacmdlSIH0g0=",
        "owner": "storm-software",
        "repo": "storm-ops",
        "rev": "e41ccf3321407c1ccb6c1a16c4aff7f6172d8b0c",
        "type": "github"
      },
      "original": {
        "owner": "storm-software",
        "ref": "main",
        "repo": "storm-ops",
        "type": "github"
      }
    },
    "treefmt-nix": {
      "inputs": {
        "nixpkgs": [
          "nixpkgs"
        ]
      },
      "locked": {
        "lastModified": 1775636079,
        "narHash": "sha256-pc20NRoMdiar8oPQceQT47UUZMBTiMdUuWrYu2obUP0=",
        "owner": "numtide",
        "repo": "treefmt-nix",
        "rev": "790751ff7fd3801feeaf96d7dc416a8d581265ba",
        "type": "github"
      },
      "original": {
        "owner": "numtide",
        "repo": "treefmt-nix",
        "type": "github"
      }
    }
  },
  "root": "root",
  "version": 7
}