{
  "nodes": {
    "devenv": {
      "locked": {
        "dir": "src/modules",
        "lastModified": 1785001160,
        "narHash": "sha256-iyjX3d/q7lqYP9wkJR4k9xI2J01BJGGyfVamP0v2LXU=",
        "owner": "cachix",
        "repo": "devenv",
        "rev": "126fa142775d8a6d89c97d69297f7095b6585e4e",
        "type": "github"
      },
      "original": {
        "dir": "src/modules",
        "owner": "cachix",
        "repo": "devenv",
        "type": "github"
      }
    },
    "nixpkgs": {
      "inputs": {
        "nixpkgs-src": "nixpkgs-src"
      },
      "locked": {
        "lastModified": 1783345554,
        "narHash": "sha256-LZhOm4kqjHUnwP4CNHpaqqEVcumGNd1PvOEOad8LkS0=",
        "owner": "cachix",
        "repo": "devenv-nixpkgs",
        "rev": "6004ea8c229fe9d41b21c6f4c76bf6c2e10771dd",
        "type": "github"
      },
      "original": {
        "owner": "cachix",
        "ref": "rolling",
        "repo": "devenv-nixpkgs",
        "type": "github"
      }
    },
    "nixpkgs-src": {
      "flake": false,
      "locked": {
        "lastModified": 1783279667,
        "narHash": "sha256-/NAkDSsve+GNM0Bt6tleJdCGfsTlK89nPjkVOzZMo0s=",
        "owner": "NixOS",
        "repo": "nixpkgs",
        "rev": "f205b5574fd0cb7da5b702a2da51507b7f4fdd1b",
        "type": "github"
      },
      "original": {
        "owner": "NixOS",
        "ref": "nixpkgs-unstable",
        "repo": "nixpkgs",
        "type": "github"
      }
    },
    "nixpkgs-unstable": {
      "locked": {
        "lastModified": 1784796856,
        "narHash": "sha256-wWFrV5/Qbm+lyt5x20E/bSbfJiGKMo4RCxZV8cl/WZI=",
        "owner": "NixOS",
        "repo": "nixpkgs",
        "rev": "e2587caef70cea85dd97d7daab492899902dbf5d",
        "type": "github"
      },
      "original": {
        "owner": "NixOS",
        "ref": "nixos-unstable",
        "repo": "nixpkgs",
        "type": "github"
      }
    },
    "root": {
      "inputs": {
        "devenv": "devenv",
        "nixpkgs": "nixpkgs",
        "nixpkgs-unstable": "nixpkgs-unstable",
        "storm-ops": "storm-ops"
      }
    },
    "storm-ops": {
      "flake": false,
      "locked": {
        "lastModified": 1784790178,
        "narHash": "sha256-Jiib6FS9PfGu6eZrPIywb1RpWJkJOk1h+To92zkXI9o=",
        "owner": "storm-software",
        "repo": "storm-ops",
        "rev": "9389e94089c0ddc0cc122425b1a47201f655eafd",
        "type": "github"
      },
      "original": {
        "owner": "storm-software",
        "repo": "storm-ops",
        "type": "github"
      }
    }
  },
  "root": "root",
  "version": 7
}